<Solution>
  <Folder Name="/AI/">
    <File Path=".github/copilot-instructions.md" />
    <File Path="best.onnx" />
    <File Path="object_class.txt" />
  </Folder>
  <Folder Name="/Solution Items/">
    <File Path="best.onnx" />
  </Folder>
  <Project Path="Haui.GTObjectDetector/Haui.GTObjectDetector.csproj" />
</Solution>
